PODS:
  - JustIconFont (5.0.0):
    - JustIconFont/Core (= 5.0.0)
  - JustIconFont/Core (5.0.0)
  - JustIconFont/FontAwesome (5.0.0):
    - JustIconFont/Core
  - JustIconFont/Iconic (5.0.0):
    - JustIconFont/Core
  - JustIconFont/Ionicons (5.0.0):
    - JustIconFont/Core

DEPENDENCIES:
  - JustIconFont (from `../`)
  - JustIconFont/FontAwesome (from `../`)
  - JustIconFont/Iconic (from `../`)
  - JustIconFont/Ionicons (from `../`)

EXTERNAL SOURCES:
  JustIconFont:
    :path: "../"

SPEC CHECKSUMS:
  JustIconFont: e18163d17c6896c8ad09987b1b5c2eb585352172

PODFILE CHECKSUM: b922b2bc9d32d91622ee247109210c058289fe41

COCOAPODS: 1.7.0.beta.2
