PODS:
  - JustIconFont/Core (4.2.1)
  - JustIconFont/FontAwesome (4.2.1):
    - JustIconFont/Core

DEPENDENCIES:
  - JustIconFont/Core
  - JustIconFont/FontAwesome

SPEC REPOS:
  https://github.com/cocoapods/specs.git:
    - JustIconFont

SPEC CHECKSUMS:
  JustIconFont: de22baba4111d65683a5b0b126997cbc2e3f7dbd

PODFILE CHECKSUM: 983a7df553d8b8bc373910d314b8e413bcc9ad76

COCOAPODS: 1.5.3
